// !$*UTF8*$!
{
	archiveVersion = 1;
	classes = {
	};
	objectVersion = 50;
	objects = {

/* Begin PBXBuildFile section */
		8318AB31250BBF4B00B95C45 /* AppDelegate.swift in Sources */ = {isa = PBXBuildFile; fileRef = 8318AB30250BBF4B00B95C45 /* AppDelegate.swift */; };
		8318AB33250BBF4B00B95C45 /* SceneDelegate.swift in Sources */ = {isa = PBXBuildFile; fileRef = 8318AB32250BBF4B00B95C45 /* SceneDelegate.swift */; };
		8318AB35250BBF4B00B95C45 /* HomeController.swift in Sources */ = {isa = PBXBuildFile; fileRef = 8318AB34250BBF4B00B95C45 /* HomeController.swift */; };
		8318AB38250BBF4B00B95C45 /* Main.storyboard in Resources */ = {isa = PBXBuildFile; fileRef = 8318AB36250BBF4B00B95C45 /* Main.storyboard */; };
		8318AB3B250BBF4B00B95C45 /* Task5iOS.xcdatamodeld in Sources */ = {isa = PBXBuildFile; fileRef = 8318AB39250BBF4B00B95C45 /* Task5iOS.xcdatamodeld */; };
		8318AB3D250BBF4D00B95C45 /* Assets.xcassets in Resources */ = {isa = PBXBuildFile; fileRef = 8318AB3C250BBF4D00B95C45 /* Assets.xcassets */; };
		8318AB40250BBF4D00B95C45 /* LaunchScreen.storyboard in Resources */ = {isa = PBXBuildFile; fileRef = 8318AB3E250BBF4D00B95C45 /* LaunchScreen.storyboard */; };
		8318AB4A250BDD2C00B95C45 /* PickCharityViewController.swift in Sources */ = {isa = PBXBuildFile; fileRef = 8318AB49250BDD2C00B95C45 /* PickCharityViewController.swift */; };
		83692AC725162B8C003029A5 /* MapController.swift in Sources */ = {isa = PBXBuildFile; fileRef = 83692AC625162B8C003029A5 /* MapController.swift */; };
		83CCBB40251172ED00E6D176 /* CustomButton.swift in Sources */ = {isa = PBXBuildFile; fileRef = 83CCBB3F251172ED00E6D176 /* CustomButton.swift */; };
		83CCBB432511870600E6D176 /* ColorHelper.swift in Sources */ = {isa = PBXBuildFile; fileRef = 83CCBB422511870500E6D176 /* ColorHelper.swift */; };
		83CCBB4625118EAC00E6D176 /* TypeSelectionController.swift in Sources */ = {isa = PBXBuildFile; fileRef = 83CCBB4525118EAC00E6D176 /* TypeSelectionController.swift */; };
		83CCBB4825118F7400E6D176 /* RoundView.swift in Sources */ = {isa = PBXBuildFile; fileRef = 83CCBB4725118F7400E6D176 /* RoundView.swift */; };
/* End PBXBuildFile section */

/* Begin PBXFileReference section */
		8318AB2D250BBF4B00B95C45 /* Task5iOS.app */ = {isa = PBXFileReference; explicitFileType = wrapper.application; includeInIndex = 0; path = Task5iOS.app; sourceTree = BUILT_PRODUCTS_DIR; };
		8318AB30250BBF4B00B95C45 /* AppDelegate.swift */ = {isa = PBXFileReference; lastKnownFileType = sourcecode.swift; path = AppDelegate.swift; sourceTree = "<group>"; };
		8318AB32250BBF4B00B95C45 /* SceneDelegate.swift */ = {isa = PBXFileReference; lastKnownFileType = sourcecode.swift; path = SceneDelegate.swift; sourceTree = "<group>"; };
		8318AB34250BBF4B00B95C45 /* HomeController.swift */ = {isa = PBXFileReference; lastKnownFileType = sourcecode.swift; path = HomeController.swift; sourceTree = "<group>"; };
		8318AB37250BBF4B00B95C45 /* Base */ = {isa = PBXFileReference; lastKnownFileType = file.storyboard; name = Base; path = Base.lproj/Main.storyboard; sourceTree = "<group>"; };
		8318AB3A250BBF4B00B95C45 /* Task5iOS.xcdatamodel */ = {isa = PBXFileReference; lastKnownFileType = wrapper.xcdatamodel; path = Task5iOS.xcdatamodel; sourceTree = "<group>"; };
		8318AB3C250BBF4D00B95C45 /* Assets.xcassets */ = {isa = PBXFileReference; lastKnownFileType = folder.assetcatalog; path = Assets.xcassets; sourceTree = "<group>"; };
		8318AB3F250BBF4D00B95C45 /* Base */ = {isa = PBXFileReference; lastKnownFileType = file.storyboard; name = Base; path = Base.lproj/LaunchScreen.storyboard; sourceTree = "<group>"; };
		8318AB41250BBF4D00B95C45 /* Info.plist */ = {isa = PBXFileReference; lastKnownFileType = text.plist.xml; path = Info.plist; sourceTree = "<group>"; };
		8318AB49250BDD2C00B95C45 /* PickCharityViewController.swift */ = {isa = PBXFileReference; lastKnownFileType = sourcecode.swift; path = PickCharityViewController.swift; sourceTree = "<group>"; };
		83692AC625162B8C003029A5 /* MapController.swift */ = {isa = PBXFileReference; lastKnownFileType = sourcecode.swift; path = MapController.swift; sourceTree = "<group>"; };
		83CCBB3F251172ED00E6D176 /* CustomButton.swift */ = {isa = PBXFileReference; lastKnownFileType = sourcecode.swift; path = CustomButton.swift; sourceTree = "<group>"; };
		83CCBB422511870500E6D176 /* ColorHelper.swift */ = {isa = PBXFileReference; lastKnownFileType = sourcecode.swift; path = ColorHelper.swift; sourceTree = "<group>"; };
		83CCBB4525118EAC00E6D176 /* TypeSelectionController.swift */ = {isa = PBXFileReference; lastKnownFileType = sourcecode.swift; path = TypeSelectionController.swift; sourceTree = "<group>"; };
		83CCBB4725118F7400E6D176 /* RoundView.swift */ = {isa = PBXFileReference; lastKnownFileType = sourcecode.swift; path = RoundView.swift; sourceTree = "<group>"; };
/* End PBXFileReference section */

/* Begin PBXFrameworksBuildPhase section */
		8318AB2A250BBF4B00B95C45 /* Frameworks */ = {
			isa = PBXFrameworksBuildPhase;
			buildActionMask = 2147483647;
			files = (
			);
			runOnlyForDeploymentPostprocessing = 0;
		};
/* End PBXFrameworksBuildPhase section */

/* Begin PBXGroup section */
		8318AB24250BBF4B00B95C45 = {
			isa = PBXGroup;
			children = (
				8318AB2F250BBF4B00B95C45 /* Task5iOS */,
				8318AB2E250BBF4B00B95C45 /* Products */,
			);
			sourceTree = "<group>";
		};
		8318AB2E250BBF4B00B95C45 /* Products */ = {
			isa = PBXGroup;
			children = (
				8318AB2D250BBF4B00B95C45 /* Task5iOS.app */,
			);
			name = Products;
			sourceTree = "<group>";
		};
		8318AB2F250BBF4B00B95C45 /* Task5iOS */ = {
			isa = PBXGroup;
			children = (
				83CCBB4425118E3500E6D176 /* viewControllers */,
				83CCBB41251186BF00E6D176 /* utils */,
				83CCBB3E251172A700E6D176 /* customViews */,
				8318AB30250BBF4B00B95C45 /* AppDelegate.swift */,
				8318AB32250BBF4B00B95C45 /* SceneDelegate.swift */,
				8318AB49250BDD2C00B95C45 /* PickCharityViewController.swift */,
				8318AB36250BBF4B00B95C45 /* Main.storyboard */,
				8318AB3C250BBF4D00B95C45 /* Assets.xcassets */,
				8318AB3E250BBF4D00B95C45 /* LaunchScreen.storyboard */,
				8318AB41250BBF4D00B95C45 /* Info.plist */,
				8318AB39250BBF4B00B95C45 /* Task5iOS.xcdatamodeld */,
			);
			path = Task5iOS;
			sourceTree = "<group>";
		};
		83CCBB3E251172A700E6D176 /* customViews */ = {
			isa = PBXGroup;
			children = (
				83CCBB3F251172ED00E6D176 /* CustomButton.swift */,
				83CCBB4725118F7400E6D176 /* RoundView.swift */,
			);
			path = customViews;
			sourceTree = "<group>";
		};
		83CCBB41251186BF00E6D176 /* utils */ = {
			isa = PBXGroup;
			children = (
				83CCBB422511870500E6D176 /* ColorHelper.swift */,
			);
			path = utils;
			sourceTree = "<group>";
		};
		83CCBB4425118E3500E6D176 /* viewControllers */ = {
			isa = PBXGroup;
			children = (
				8318AB34250BBF4B00B95C45 /* HomeController.swift */,
				83CCBB4525118EAC00E6D176 /* TypeSelectionController.swift */,
				83692AC625162B8C003029A5 /* MapController.swift */,
			);
			path = viewControllers;
			sourceTree = "<group>";
		};
/* End PBXGroup section */

/* Begin PBXNativeTarget section */
		8318AB2C250BBF4B00B95C45 /* Task5iOS */ = {
			isa = PBXNativeTarget;
			buildConfigurationList = 8318AB44250BBF4D00B95C45 /* Build configuration list for PBXNativeTarget "Task5iOS" */;
			buildPhases = (
				8318AB29250BBF4B00B95C45 /* Sources */,
				8318AB2A250BBF4B00B95C45 /* Frameworks */,
				8318AB2B250BBF4B00B95C45 /* Resources */,
			);
			buildRules = (
			);
			dependencies = (
			);
			name = Task5iOS;
			productName = Task5iOS;
			productReference = 8318AB2D250BBF4B00B95C45 /* Task5iOS.app */;
			productType = "com.apple.product-type.application";
		};
/* End PBXNativeTarget section */

/* Begin PBXProject section */
		8318AB25250BBF4B00B95C45 /* Project object */ = {
			isa = PBXProject;
			attributes = {
				LastSwiftUpdateCheck = 1170;
				LastUpgradeCheck = 1170;
				ORGANIZATIONNAME = " Igor Anokhin";
				TargetAttributes = {
					8318AB2C250BBF4B00B95C45 = {
						CreatedOnToolsVersion = 11.7;
					};
				};
			};
			buildConfigurationList = 8318AB28250BBF4B00B95C45 /* Build configuration list for PBXProject "Task5iOS" */;
			compatibilityVersion = "Xcode 9.3";
			developmentRegion = en;
			hasScannedForEncodings = 0;
			knownRegions = (
				en,
				Base,
			);
			mainGroup = 8318AB24250BBF4B00B95C45;
			productRefGroup = 8318AB2E250BBF4B00B95C45 /* Products */;
			projectDirPath = "";
			projectRoot = "";
			targets = (
				8318AB2C250BBF4B00B95C45 /* Task5iOS */,
			);
		};
/* End PBXProject section */

/* Begin PBXResourcesBuildPhase section */
		8318AB2B250BBF4B00B95C45 /* Resources */ = {
			isa = PBXResourcesBuildPhase;
			buildActionMask = 2147483647;
			files = (
				8318AB40250BBF4D00B95C45 /* LaunchScreen.storyboard in Resources */,
				8318AB3D250BBF4D00B95C45 /* Assets.xcassets in Resources */,
				8318AB38250BBF4B00B95C45 /* Main.storyboard in Resources */,
			);
			runOnlyForDeploymentPostprocessing = 0;
		};
/* End PBXResourcesBuildPhase section */

/* Begin PBXSourcesBuildPhase section */
		8318AB29250BBF4B00B95C45 /* Sources */ = {
			isa = PBXSourcesBuildPhase;
			buildActionMask = 2147483647;
			files = (
				8318AB4A250BDD2C00B95C45 /* PickCharityViewController.swift in Sources */,
				8318AB3B250BBF4B00B95C45 /* Task5iOS.xcdatamodeld in Sources */,
				83CCBB40251172ED00E6D176 /* CustomButton.swift in Sources */,
				8318AB35250BBF4B00B95C45 /* HomeController.swift in Sources */,
				83CCBB4625118EAC00E6D176 /* TypeSelectionController.swift in Sources */,
				8318AB31250BBF4B00B95C45 /* AppDelegate.swift in Sources */,
				83CCBB432511870600E6D176 /* ColorHelper.swift in Sources */,
				83CCBB4825118F7400E6D176 /* RoundView.swift in Sources */,
				83692AC725162B8C003029A5 /* MapController.swift in Sources */,
				8318AB33250BBF4B00B95C45 /* SceneDelegate.swift in Sources */,
			);
			runOnlyForDeploymentPostprocessing = 0;
		};
/* End PBXSourcesBuildPhase section */

/* Begin PBXVariantGroup section */
		8318AB36250BBF4B00B95C45 /* Main.storyboard */ = {
			isa = PBXVariantGroup;
			children = (
				8318AB37250BBF4B00B95C45 /* Base */,
			);
			name = Main.storyboard;
			sourceTree = "<group>";
		};
		8318AB3E250BBF4D00B95C45 /* LaunchScreen.storyboard */ = {
			isa = PBXVariantGroup;
			children = (
				8318AB3F250BBF4D00B95C45 /* Base */,
			);
			name = LaunchScreen.storyboard;
			sourceTree = "<group>";
		};
/* End PBXVariantGroup section */

/* Begin XCBuildConfiguration section */
		8318AB42250BBF4D00B95C45 /* Debug */ = {
			isa = XCBuildConfiguration;
			buildSettings = {
				ALWAYS_SEARCH_USER_PATHS = NO;
				CLANG_ANALYZER_NONNULL = YES;
				CLANG_ANALYZER_NUMBER_OBJECT_CONVERSION = YES_AGGRESSIVE;
				CLANG_CXX_LANGUAGE_STANDARD = "gnu++14";
				CLANG_CXX_LIBRARY = "libc++";
				CLANG_ENABLE_MODULES = YES;
				CLANG_ENABLE_OBJC_ARC = YES;
				CLANG_ENABLE_OBJC_WEAK = YES;
				CLANG_WARN_BLOCK_CAPTURE_AUTORELEASING = YES;
				CLANG_WARN_BOOL_CONVERSION = YES;
				CLANG_WARN_COMMA = YES;
				CLANG_WARN_CONSTANT_CONVERSION = YES;
				CLANG_WARN_DEPRECATED_OBJC_IMPLEMENTATIONS = YES;
				CLANG_WARN_DIRECT_OBJC_ISA_USAGE = YES_ERROR;
				CLANG_WARN_DOCUMENTATION_COMMENTS = YES;
				CLANG_WARN_EMPTY_BODY = YES;
				CLANG_WARN_ENUM_CONVERSION = YES;
				CLANG_WARN_INFINITE_RECURSION = YES;
				CLANG_WARN_INT_CONVERSION = YES;
				CLANG_WARN_NON_LITERAL_NULL_CONVERSION = YES;
				CLANG_WARN_OBJC_IMPLICIT_RETAIN_SELF = YES;
				CLANG_WARN_OBJC_LITERAL_CONVERSION = YES;
				CLANG_WARN_OBJC_ROOT_CLASS = YES_ERROR;
				CLANG_WARN_RANGE_LOOP_ANALYSIS = YES;
				CLANG_WARN_STRICT_PROTOTYPES = YES;
				CLANG_WARN_SUSPICIOUS_MOVE = YES;
				CLANG_WARN_UNGUARDED_AVAILABILITY = YES_AGGRESSIVE;
				CLANG_WARN_UNREACHABLE_CODE = YES;
				CLANG_WARN__DUPLICATE_METHOD_MATCH = YES;
				COPY_PHASE_STRIP = NO;
				DEBUG_INFORMATION_FORMAT = dwarf;
				ENABLE_STRICT_OBJC_MSGSEND = YES;
				ENABLE_TESTABILITY = YES;
				GCC_C_LANGUAGE_STANDARD = gnu11;
				GCC_DYNAMIC_NO_PIC = NO;
				GCC_NO_COMMON_BLOCKS = YES;
				GCC_OPTIMIZATION_LEVEL = 0;
				GCC_PREPROCESSOR_DEFINITIONS = (
					"DEBUG=1",
					"$(inherited)",
				);
				GCC_WARN_64_TO_32_BIT_CONVERSION = YES;
				GCC_WARN_ABOUT_RETURN_TYPE = YES_ERROR;
				GCC_WARN_UNDECLARED_SELECTOR = YES;
				GCC_WARN_UNINITIALIZED_AUTOS = YES_AGGRESSIVE;
				GCC_WARN_UNUSED_FUNCTION = YES;
				GCC_WARN_UNUSED_VARIABLE = YES;
				IPHONEOS_DEPLOYMENT_TARGET = 13.7;
				MTL_ENABLE_DEBUG_INFO = INCLUDE_SOURCE;
				MTL_FAST_MATH = YES;
				ONLY_ACTIVE_ARCH = YES;
				SDKROOT = iphoneos;
				SWIFT_ACTIVE_COMPILATION_CONDITIONS = DEBUG;
				SWIFT_OPTIMIZATION_LEVEL = "-Onone";
			};
			name = Debug;
		};
		8318AB43250BBF4D00B95C45 /* Release */ = {
			isa = XCBuildConfiguration;
			buildSettings = {
				ALWAYS_SEARCH_USER_PATHS = NO;
				CLANG_ANALYZER_NONNULL = YES;
				CLANG_ANALYZER_NUMBER_OBJECT_CONVERSION = YES_AGGRESSIVE;
				CLANG_CXX_LANGUAGE_STANDARD = "gnu++14";
				CLANG_CXX_LIBRARY = "libc++";
				CLANG_ENABLE_MODULES = YES;
				CLANG_ENABLE_OBJC_ARC = YES;
				CLANG_ENABLE_OBJC_WEAK = YES;
				CLANG_WARN_BLOCK_CAPTURE_AUTORELEASING = YES;
				CLANG_WARN_BOOL_CONVERSION = YES;
				CLANG_WARN_COMMA = YES;
				CLANG_WARN_CONSTANT_CONVERSION = YES;
				CLANG_WARN_DEPRECATED_OBJC_IMPLEMENTATIONS = YES;
				CLANG_WARN_DIRECT_OBJC_ISA_USAGE = YES_ERROR;
				CLANG_WARN_DOCUMENTATION_COMMENTS = YES;
				CLANG_WARN_EMPTY_BODY = YES;
				CLANG_WARN_ENUM_CONVERSION = YES;
				CLANG_WARN_INFINITE_RECURSION = YES;
				CLANG_WARN_INT_CONVERSION = YES;
				CLANG_WARN_NON_LITERAL_NULL_CONVERSION = YES;
				CLANG_WARN_OBJC_IMPLICIT_RETAIN_SELF = YES;
				CLANG_WARN_OBJC_LITERAL_CONVERSION = YES;
				CLANG_WARN_OBJC_ROOT_CLASS = YES_ERROR;
				CLANG_WARN_RANGE_LOOP_ANALYSIS = YES;
				CLANG_WARN_STRICT_PROTOTYPES = YES;
				CLANG_WARN_SUSPICIOUS_MOVE = YES;
				CLANG_WARN_UNGUARDED_AVAILABILITY = YES_AGGRESSIVE;
				CLANG_WARN_UNREACHABLE_CODE = YES;
				CLANG_WARN__DUPLICATE_METHOD_MATCH = YES;
				COPY_PHASE_STRIP = NO;
				DEBUG_INFORMATION_FORMAT = "dwarf-with-dsym";
				ENABLE_NS_ASSERTIONS = NO;
				ENABLE_STRICT_OBJC_MSGSEND = YES;
				GCC_C_LANGUAGE_STANDARD = gnu11;
				GCC_NO_COMMON_BLOCKS = YES;
				GCC_WARN_64_TO_32_BIT_CONVERSION = YES;
				GCC_WARN_ABOUT_RETURN_TYPE = YES_ERROR;
				GCC_WARN_UNDECLARED_SELECTOR = YES;
				GCC_WARN_UNINITIALIZED_AUTOS = YES_AGGRESSIVE;
				GCC_WARN_UNUSED_FUNCTION = YES;
				GCC_WARN_UNUSED_VARIABLE = YES;
				IPHONEOS_DEPLOYMENT_TARGET = 13.7;
				MTL_ENABLE_DEBUG_INFO = NO;
				MTL_FAST_MATH = YES;
				SDKROOT = iphoneos;
				SWIFT_COMPILATION_MODE = wholemodule;
				SWIFT_OPTIMIZATION_LEVEL = "-O";
				VALIDATE_PRODUCT = YES;
			};
			name = Release;
		};
		8318AB45250BBF4D00B95C45 /* Debug */ = {
			isa = XCBuildConfiguration;
			buildSettings = {
				ASSETCATALOG_COMPILER_APPICON_NAME = AppIcon;
				CODE_SIGN_STYLE = Automatic;
				DEVELOPMENT_TEAM = PJSRK8PZ5Q;
				INFOPLIST_FILE = Task5iOS/Info.plist;
				IPHONEOS_DEPLOYMENT_TARGET = 10.0;
				LD_RUNPATH_SEARCH_PATHS = (
					"$(inherited)",
					"@executable_path/Frameworks",
				);
				PRODUCT_BUNDLE_IDENTIFIER = bepis.Task5iOS;
				PRODUCT_NAME = "$(TARGET_NAME)";
				SWIFT_VERSION = 5.0;
				TARGETED_DEVICE_FAMILY = "1,2";
			};
			name = Debug;
		};
		8318AB46250BBF4D00B95C45 /* Release */ = {
			isa = XCBuildConfiguration;
			buildSettings = {
				ASSETCATALOG_COMPILER_APPICON_NAME = AppIcon;
				CODE_SIGN_STYLE = Automatic;
				DEVELOPMENT_TEAM = PJSRK8PZ5Q;
				INFOPLIST_FILE = Task5iOS/Info.plist;
				IPHONEOS_DEPLOYMENT_TARGET = 10.0;
				LD_RUNPATH_SEARCH_PATHS = (
					"$(inherited)",
					"@executable_path/Frameworks",
				);
				PRODUCT_BUNDLE_IDENTIFIER = bepis.Task5iOS;
				PRODUCT_NAME = "$(TARGET_NAME)";
				SWIFT_VERSION = 5.0;
				TARGETED_DEVICE_FAMILY = "1,2";
			};
			name = Release;
		};
/* End XCBuildConfiguration section */

/* Begin XCConfigurationList section */
		8318AB28250BBF4B00B95C45 /* Build configuration list for PBXProject "Task5iOS" */ = {
			isa = XCConfigurationList;
			buildConfigurations = (
				8318AB42250BBF4D00B95C45 /* Debug */,
				8318AB43250BBF4D00B95C45 /* Release */,
			);
			defaultConfigurationIsVisible = 0;
			defaultConfigurationName = Release;
		};
		8318AB44250BBF4D00B95C45 /* Build configuration list for PBXNativeTarget "Task5iOS" */ = {
			isa = XCConfigurationList;
			buildConfigurations = (
				8318AB45250BBF4D00B95C45 /* Debug */,
				8318AB46250BBF4D00B95C45 /* Release */,
			);
			defaultConfigurationIsVisible = 0;
			defaultConfigurationName = Release;
		};
/* End XCConfigurationList section */

/* Begin XCVersionGroup section */
		8318AB39250BBF4B00B95C45 /* Task5iOS.xcdatamodeld */ = {
			isa = XCVersionGroup;
			children = (
				8318AB3A250BBF4B00B95C45 /* Task5iOS.xcdatamodel */,
			);
			currentVersion = 8318AB3A250BBF4B00B95C45 /* Task5iOS.xcdatamodel */;
			path = Task5iOS.xcdatamodeld;
			sourceTree = "<group>";
			versionGroupType = wrapper.xcdatamodel;
		};
/* End XCVersionGroup section */
	};
	rootObject = 8318AB25250BBF4B00B95C45 /* Project object */;
}
